// !$*UTF8*$!
{
	archiveVersion = 1;
	classes = {
	};
	objectVersion = 50;
	objects = {

/* Begin PBXBuildFile section */
		559355227ADB462CC10217A8F992A03E /* SwiftyStarRatingView-umbrella.h in Headers */ = {isa = PBXBuildFile; fileRef = ADA0CD35B994FD9515740E75917520DA /* SwiftyStarRatingView-umbrella.h */; settings = {ATTRIBUTES = (Public, ); }; };
		6EF255139497EE25C399319ACFA49BDC /* SwiftyStarRatingView-dummy.m in Sources */ = {isa = PBXBuildFile; fileRef = 51D9D7369DBEDE380D9C8159BA8FA7AB /* SwiftyStarRatingView-dummy.m */; };
		8AF6D8B488929234723CE977E8EB04C7 /* Foundation.framework in Frameworks */ = {isa = PBXBuildFile; fileRef = 6604A7D69453B4569E4E4827FB9155A9 /* Foundation.framework */; };
		B34EE089E5D810D136B554CEDBC53A21 /* SwiftyStarRatingView.swift in Sources */ = {isa = PBXBuildFile; fileRef = DD139A8A485343C9D04584060FA31349 /* SwiftyStarRatingView.swift */; };
		C40C54AAC08EA0ED534A5AC46A29BBC4 /* Pods-RateView-umbrella.h in Headers */ = {isa = PBXBuildFile; fileRef = CE33ADA131E95B553C846419893A835C /* Pods-RateView-umbrella.h */; settings = {ATTRIBUTES = (Public, ); }; };
		F15FA3542BC8B6760D1FDFF4501534B1 /* Foundation.framework in Frameworks */ = {isa = PBXBuildFile; fileRef = 6604A7D69453B4569E4E4827FB9155A9 /* Foundation.framework */; };
		FB3A082790E8DA1CA8DCA7C9F4B88D25 /* Pods-RateView-dummy.m in Sources */ = {isa = PBXBuildFile; fileRef = FCB918281711013237F9AD7039EA3DAB /* Pods-RateView-dummy.m */; };
/* End PBXBuildFile section */

/* Begin PBXContainerItemProxy section */
		98128B3ED7E0374DFB5BBC1E855C3A5F /* PBXContainerItemProxy */ = {
			isa = PBXContainerItemProxy;
			containerPortal = D41D8CD98F00B204E9800998ECF8427E /* Project object */;
			proxyType = 1;
			remoteGlobalIDString = 2ACB9B64E0B68208DBE7CBE648A59567;
			remoteInfo = SwiftyStarRatingView;
		};
/* End PBXContainerItemProxy section */

/* Begin PBXFileReference section */
		132C47BC47BD2661215078A782FBDFBD /* Pods-RateView-frameworks.sh */ = {isa = PBXFileReference; includeInIndex = 1; lastKnownFileType = text.script.sh; path = "Pods-RateView-frameworks.sh"; sourceTree = "<group>"; };
		15A02115F436734C34A0E6045F9AA963 /* SwiftyStarRatingView.framework */ = {isa = PBXFileReference; explicitFileType = wrapper.framework; includeInIndex = 0; name = SwiftyStarRatingView.framework; path = SwiftyStarRatingView.framework; sourceTree = BUILT_PRODUCTS_DIR; };
		1894AEF38389DF2769085161EB865578 /* Pods-RateView-resources.sh */ = {isa = PBXFileReference; includeInIndex = 1; lastKnownFileType = text.script.sh; path = "Pods-RateView-resources.sh"; sourceTree = "<group>"; };
		26A059BCB1418FE3C4C7579A0259781B /* Pods-RateView.modulemap */ = {isa = PBXFileReference; includeInIndex = 1; lastKnownFileType = sourcecode.module; path = "Pods-RateView.modulemap"; sourceTree = "<group>"; };
		51D9D7369DBEDE380D9C8159BA8FA7AB /* SwiftyStarRatingView-dummy.m */ = {isa = PBXFileReference; includeInIndex = 1; lastKnownFileType = sourcecode.c.objc; path = "SwiftyStarRatingView-dummy.m"; sourceTree = "<group>"; };
		60FA7400FD069625D851388479B33F57 /* Pods_RateView.framework */ = {isa = PBXFileReference; explicitFileType = wrapper.framework; includeInIndex = 0; name = Pods_RateView.framework; path = "Pods-RateView.framework"; sourceTree = BUILT_PRODUCTS_DIR; };
		6604A7D69453B4569E4E4827FB9155A9 /* Foundation.framework */ = {isa = PBXFileReference; lastKnownFileType = wrapper.framework; name = Foundation.framework; path = Platforms/iPhoneOS.platform/Developer/SDKs/iPhoneOS10.3.sdk/System/Library/Frameworks/Foundation.framework; sourceTree = DEVELOPER_DIR; };
		68B79705513050D93E6815A9201AF780 /* Pods-RateView-acknowledgements.markdown */ = {isa = PBXFileReference; includeInIndex = 1; lastKnownFileType = text; path = "Pods-RateView-acknowledgements.markdown"; sourceTree = "<group>"; };
		6E92D2343229CA516781D2DDF0FDB05B /* Pods-RateView.debug.xcconfig */ = {isa = PBXFileReference; includeInIndex = 1; lastKnownFileType = text.xcconfig; path = "Pods-RateView.debug.xcconfig"; sourceTree = "<group>"; };
		6ECF00CD9DA3C358F92ED5482FA6FBA8 /* SwiftyStarRatingView.xcconfig */ = {isa = PBXFileReference; includeInIndex = 1; lastKnownFileType = text.xcconfig; path = SwiftyStarRatingView.xcconfig; sourceTree = "<group>"; };
		93A4A3777CF96A4AAC1D13BA6DCCEA73 /* Podfile */ = {isa = PBXFileReference; explicitFileType = text.script.ruby; includeInIndex = 1; lastKnownFileType = text; name = Podfile; path = ../Podfile; sourceTree = SOURCE_ROOT; xcLanguageSpecificationIdentifier = xcode.lang.ruby; };
		93F32F80FF1F87B96424846C3F21A8D0 /* SwiftyStarRatingView-prefix.pch */ = {isa = PBXFileReference; includeInIndex = 1; lastKnownFileType = sourcecode.c.h; path = "SwiftyStarRatingView-prefix.pch"; sourceTree = "<group>"; };
		97248F8A0F921310291A4C3514A03C44 /* Info.plist */ = {isa = PBXFileReference; includeInIndex = 1; lastKnownFileType = text.plist.xml; path = Info.plist; sourceTree = "<group>"; };
		ADA0CD35B994FD9515740E75917520DA /* SwiftyStarRatingView-umbrella.h */ = {isa = PBXFileReference; includeInIndex = 1; lastKnownFileType = sourcecode.c.h; path = "SwiftyStarRatingView-umbrella.h"; sourceTree = "<group>"; };
		AE5F0DB624E2D545925E512C72FE2D15 /* Pods-RateView.release.xcconfig */ = {isa = PBXFileReference; includeInIndex = 1; lastKnownFileType = text.xcconfig; path = "Pods-RateView.release.xcconfig"; sourceTree = "<group>"; };
		B449166B28F7FA7D4FD36AD1461F9DF0 /* Info.plist */ = {isa = PBXFileReference; includeInIndex = 1; lastKnownFileType = text.plist.xml; path = Info.plist; sourceTree = "<group>"; };
		C202B53450F5E045ABC9DC9C94499CCE /* SwiftyStarRatingView.modulemap */ = {isa = PBXFileReference; includeInIndex = 1; lastKnownFileType = sourcecode.module; path = SwiftyStarRatingView.modulemap; sourceTree = "<group>"; };
		CE33ADA131E95B553C846419893A835C /* Pods-RateView-umbrella.h */ = {isa = PBXFileReference; includeInIndex = 1; lastKnownFileType = sourcecode.c.h; path = "Pods-RateView-umbrella.h"; sourceTree = "<group>"; };
		DD139A8A485343C9D04584060FA31349 /* SwiftyStarRatingView.swift */ = {isa = PBXFileReference; includeInIndex = 1; lastKnownFileType = sourcecode.swift; name = SwiftyStarRatingView.swift; path = Source/SwiftyStarRatingView.swift; sourceTree = "<group>"; };
		F7B5DE20F946E40B4710766F53426F9E /* Pods-RateView-acknowledgements.plist */ = {isa = PBXFileReference; includeInIndex = 1; lastKnownFileType = text.plist.xml; path = "Pods-RateView-acknowledgements.plist"; sourceTree = "<group>"; };
		FCB918281711013237F9AD7039EA3DAB /* Pods-RateView-dummy.m */ = {isa = PBXFileReference; includeInIndex = 1; lastKnownFileType = sourcecode.c.objc; path = "Pods-RateView-dummy.m"; sourceTree = "<group>"; };
/* End PBXFileReference section */

/* Begin PBXFrameworksBuildPhase section */
		33130A8E1B15F72CE2483181EF6C8C29 /* Frameworks */ = {
			isa = PBXFrameworksBuildPhase;
			buildActionMask = 2147483647;
			files = (
				F15FA3542BC8B6760D1FDFF4501534B1 /* Foundation.framework in Frameworks */,
			);
			runOnlyForDeploymentPostprocessing = 0;
		};
		50E9CC760DC311F5003997131CC312E9 /* Frameworks */ = {
			isa = PBXFrameworksBuildPhase;
			buildActionMask = 2147483647;
			files = (
				8AF6D8B488929234723CE977E8EB04C7 /* Foundation.framework in Frameworks */,
			);
			runOnlyForDeploymentPostprocessing = 0;
		};
/* End PBXFrameworksBuildPhase section */

/* Begin PBXGroup section */
		320EB8BC0379CB786AD3127CFED0A9F7 /* Products */ = {
			isa = PBXGroup;
			children = (
				60FA7400FD069625D851388479B33F57 /* Pods_RateView.framework */,
				15A02115F436734C34A0E6045F9AA963 /* SwiftyStarRatingView.framework */,
			);
			name = Products;
			sourceTree = "<group>";
		};
		380FD8FD8B06A2C20650C459344955E2 /* Pods */ = {
			isa = PBXGroup;
			children = (
				F3B7ACBB6DF2F94AE75F79076FC061CD /* SwiftyStarRatingView */,
			);
			name = Pods;
			sourceTree = "<group>";
		};
		7DB346D0F39D3F0E887471402A8071AB = {
			isa = PBXGroup;
			children = (
				93A4A3777CF96A4AAC1D13BA6DCCEA73 /* Podfile */,
				BC3CA7F9E30CC8F7E2DD044DD34432FC /* Frameworks */,
				380FD8FD8B06A2C20650C459344955E2 /* Pods */,
				320EB8BC0379CB786AD3127CFED0A9F7 /* Products */,
				9D2CCDEE6F4794A4F0D6AAE5727C65D9 /* Targets Support Files */,
			);
			sourceTree = "<group>";
		};
		8C6FEDFDBF772A3B48A2CA59C73A9B9B /* Pods-RateView */ = {
			isa = PBXGroup;
			children = (
				B449166B28F7FA7D4FD36AD1461F9DF0 /* Info.plist */,
				26A059BCB1418FE3C4C7579A0259781B /* Pods-RateView.modulemap */,
				68B79705513050D93E6815A9201AF780 /* Pods-RateView-acknowledgements.markdown */,
				F7B5DE20F946E40B4710766F53426F9E /* Pods-RateView-acknowledgements.plist */,
				FCB918281711013237F9AD7039EA3DAB /* Pods-RateView-dummy.m */,
				132C47BC47BD2661215078A782FBDFBD /* Pods-RateView-frameworks.sh */,
				1894AEF38389DF2769085161EB865578 /* Pods-RateView-resources.sh */,
				CE33ADA131E95B553C846419893A835C /* Pods-RateView-umbrella.h */,
				6E92D2343229CA516781D2DDF0FDB05B /* Pods-RateView.debug.xcconfig */,
				AE5F0DB624E2D545925E512C72FE2D15 /* Pods-RateView.release.xcconfig */,
			);
			name = "Pods-RateView";
			path = "Target Support Files/Pods-RateView";
			sourceTree = "<group>";
		};
		911696FFF348BC4ACD134BB4A9889E6E /* Support Files */ = {
			isa = PBXGroup;
			children = (
				97248F8A0F921310291A4C3514A03C44 /* Info.plist */,
				C202B53450F5E045ABC9DC9C94499CCE /* SwiftyStarRatingView.modulemap */,
				6ECF00CD9DA3C358F92ED5482FA6FBA8 /* SwiftyStarRatingView.xcconfig */,
				51D9D7369DBEDE380D9C8159BA8FA7AB /* SwiftyStarRatingView-dummy.m */,
				93F32F80FF1F87B96424846C3F21A8D0 /* SwiftyStarRatingView-prefix.pch */,
				ADA0CD35B994FD9515740E75917520DA /* SwiftyStarRatingView-umbrella.h */,
			);
			name = "Support Files";
			path = "../Target Support Files/SwiftyStarRatingView";
			sourceTree = "<group>";
		};
		9D2CCDEE6F4794A4F0D6AAE5727C65D9 /* Targets Support Files */ = {
			isa = PBXGroup;
			children = (
				8C6FEDFDBF772A3B48A2CA59C73A9B9B /* Pods-RateView */,
			);
			name = "Targets Support Files";
			sourceTree = "<group>";
		};
		BC3CA7F9E30CC8F7E2DD044DD34432FC /* Frameworks */ = {
			isa = PBXGroup;
			children = (
				D35AF013A5F0BAD4F32504907A52519E /* iOS */,
			);
			name = Frameworks;
			sourceTree = "<group>";
		};
		D35AF013A5F0BAD4F32504907A52519E /* iOS */ = {
			isa = PBXGroup;
			children = (
				6604A7D69453B4569E4E4827FB9155A9 /* Foundation.framework */,
			);
			name = iOS;
			sourceTree = "<group>";
		};
		F3B7ACBB6DF2F94AE75F79076FC061CD /* SwiftyStarRatingView */ = {
			isa = PBXGroup;
			children = (
				DD139A8A485343C9D04584060FA31349 /* SwiftyStarRatingView.swift */,
				911696FFF348BC4ACD134BB4A9889E6E /* Support Files */,
			);
			name = SwiftyStarRatingView;
			path = SwiftyStarRatingView;
			sourceTree = "<group>";
		};
/* End PBXGroup section */

/* Begin PBXHeadersBuildPhase section */
		8CB18861419DF302F6C416742352B675 /* Headers */ = {
			isa = PBXHeadersBuildPhase;
			buildActionMask = 2147483647;
			files = (
				C40C54AAC08EA0ED534A5AC46A29BBC4 /* Pods-RateView-umbrella.h in Headers */,
			);
			runOnlyForDeploymentPostprocessing = 0;
		};
		DAB9796B5A9BC1BB5BFCFE64B106E4F8 /* Headers */ = {
			isa = PBXHeadersBuildPhase;
			buildActionMask = 2147483647;
			files = (
				559355227ADB462CC10217A8F992A03E /* SwiftyStarRatingView-umbrella.h in Headers */,
			);
			runOnlyForDeploymentPostprocessing = 0;
		};
/* End PBXHeadersBuildPhase section */

/* Begin PBXNativeTarget section */
		2ACB9B64E0B68208DBE7CBE648A59567 /* SwiftyStarRatingView */ = {
			isa = PBXNativeTarget;
			buildConfigurationList = 56636AFEEB55740E106C707243524EB3 /* Build configuration list for PBXNativeTarget "SwiftyStarRatingView" */;
			buildPhases = (
				80D1D18D1CCB0ECE203451AC8D55C85F /* Sources */,
				50E9CC760DC311F5003997131CC312E9 /* Frameworks */,
				DAB9796B5A9BC1BB5BFCFE64B106E4F8 /* Headers */,
			);
			buildRules = (
			);
			dependencies = (
			);
			name = SwiftyStarRatingView;
			productName = SwiftyStarRatingView;
			productReference = 15A02115F436734C34A0E6045F9AA963 /* SwiftyStarRatingView.framework */;
			productType = "com.apple.product-type.framework";
		};
		EF630D3A3BFBAF6658BCD358F7392087 /* Pods-RateView */ = {
			isa = PBXNativeTarget;
			buildConfigurationList = 8DDB06D9CC9FEBA75C259ED94776F173 /* Build configuration list for PBXNativeTarget "Pods-RateView" */;
			buildPhases = (
				8B08A542765DC4CCA8CEFC5C090B502A /* Sources */,
				33130A8E1B15F72CE2483181EF6C8C29 /* Frameworks */,
				8CB18861419DF302F6C416742352B675 /* Headers */,
			);
			buildRules = (
			);
			dependencies = (
				2F9F50C3E549BD52807F47C18268E6E2 /* PBXTargetDependency */,
			);
			name = "Pods-RateView";
			productName = "Pods-RateView";
			productReference = 60FA7400FD069625D851388479B33F57 /* Pods_RateView.framework */;
			productType = "com.apple.product-type.framework";
		};
/* End PBXNativeTarget section */

/* Begin PBXProject section */
		D41D8CD98F00B204E9800998ECF8427E /* Project object */ = {
			isa = PBXProject;
			attributes = {
				LastSwiftUpdateCheck = 0930;
				LastUpgradeCheck = 0930;
			};
			buildConfigurationList = 2D8E8EC45A3A1A1D94AE762CB5028504 /* Build configuration list for PBXProject "Pods" */;
			compatibilityVersion = "Xcode 3.2";
			developmentRegion = English;
			hasScannedForEncodings = 0;
			knownRegions = (
				en,
			);
			mainGroup = 7DB346D0F39D3F0E887471402A8071AB;
			productRefGroup = 320EB8BC0379CB786AD3127CFED0A9F7 /* Products */;
			projectDirPath = "";
			projectRoot = "";
			targets = (
				EF630D3A3BFBAF6658BCD358F7392087 /* Pods-RateView */,
				2ACB9B64E0B68208DBE7CBE648A59567 /* SwiftyStarRatingView */,
			);
		};
/* End PBXProject section */

/* Begin PBXSourcesBuildPhase section */
		80D1D18D1CCB0ECE203451AC8D55C85F /* Sources */ = {
			isa = PBXSourcesBuildPhase;
			buildActionMask = 2147483647;
			files = (
				6EF255139497EE25C399319ACFA49BDC /* SwiftyStarRatingView-dummy.m in Sources */,
				B34EE089E5D810D136B554CEDBC53A21 /* SwiftyStarRatingView.swift in Sources */,
			);
			runOnlyForDeploymentPostprocessing = 0;
		};
		8B08A542765DC4CCA8CEFC5C090B502A /* Sources */ = {
			isa = PBXSourcesBuildPhase;
			buildActionMask = 2147483647;
			files = (
				FB3A082790E8DA1CA8DCA7C9F4B88D25 /* Pods-RateView-dummy.m in Sources */,
			);
			runOnlyForDeploymentPostprocessing = 0;
		};
/* End PBXSourcesBuildPhase section */

/* Begin PBXTargetDependency section */
		2F9F50C3E549BD52807F47C18268E6E2 /* PBXTargetDependency */ = {
			isa = PBXTargetDependency;
			name = SwiftyStarRatingView;
			target = 2ACB9B64E0B68208DBE7CBE648A59567 /* SwiftyStarRatingView */;
			targetProxy = 98128B3ED7E0374DFB5BBC1E855C3A5F /* PBXContainerItemProxy */;
		};
/* End PBXTargetDependency section */

/* Begin XCBuildConfiguration section */
		5DC0083F57E9AB706B46C5B5D73B38D8 /* Debug */ = {
			isa = XCBuildConfiguration;
			buildSettings = {
				ALWAYS_SEARCH_USER_PATHS = NO;
				CLANG_ANALYZER_NONNULL = YES;
				CLANG_ANALYZER_NUMBER_OBJECT_CONVERSION = YES_AGGRESSIVE;
				CLANG_CXX_LANGUAGE_STANDARD = "gnu++14";
				CLANG_CXX_LIBRARY = "libc++";
				CLANG_ENABLE_MODULES = YES;
				CLANG_ENABLE_OBJC_ARC = YES;
				CLANG_ENABLE_OBJC_WEAK = YES;
				CLANG_WARN_BLOCK_CAPTURE_AUTORELEASING = YES;
				CLANG_WARN_BOOL_CONVERSION = YES;
				CLANG_WARN_COMMA = YES;
				CLANG_WARN_CONSTANT_CONVERSION = YES;
				CLANG_WARN_DEPRECATED_OBJC_IMPLEMENTATIONS = YES;
				CLANG_WARN_DIRECT_OBJC_ISA_USAGE = YES_ERROR;
				CLANG_WARN_DOCUMENTATION_COMMENTS = YES;
				CLANG_WARN_EMPTY_BODY = YES;
				CLANG_WARN_ENUM_CONVERSION = YES;
				CLANG_WARN_INFINITE_RECURSION = YES;
				CLANG_WARN_INT_CONVERSION = YES;
				CLANG_WARN_NON_LITERAL_NULL_CONVERSION = YES;
				CLANG_WARN_OBJC_IMPLICIT_RETAIN_SELF = YES;
				CLANG_WARN_OBJC_LITERAL_CONVERSION = YES;
				CLANG_WARN_OBJC_ROOT_CLASS = YES_ERROR;
				CLANG_WARN_RANGE_LOOP_ANALYSIS = YES;
				CLANG_WARN_STRICT_PROTOTYPES = YES;
				CLANG_WARN_SUSPICIOUS_MOVE = YES;
				CLANG_WARN_UNGUARDED_AVAILABILITY = YES_AGGRESSIVE;
				CLANG_WARN_UNREACHABLE_CODE = YES;
				CLANG_WARN__DUPLICATE_METHOD_MATCH = YES;
				CODE_SIGNING_ALLOWED = NO;
				CODE_SIGNING_REQUIRED = NO;
				COPY_PHASE_STRIP = NO;
				DEBUG_INFORMATION_FORMAT = dwarf;
				ENABLE_STRICT_OBJC_MSGSEND = YES;
				ENABLE_TESTABILITY = YES;
				GCC_C_LANGUAGE_STANDARD = gnu11;
				GCC_DYNAMIC_NO_PIC = NO;
				GCC_NO_COMMON_BLOCKS = YES;
				GCC_OPTIMIZATION_LEVEL = 0;
				GCC_PREPROCESSOR_DEFINITIONS = (
					"POD_CONFIGURATION_DEBUG=1",
					"DEBUG=1",
					"$(inherited)",
				);
				GCC_WARN_64_TO_32_BIT_CONVERSION = YES;
				GCC_WARN_ABOUT_RETURN_TYPE = YES_ERROR;
				GCC_WARN_UNDECLARED_SELECTOR = YES;
				GCC_WARN_UNINITIALIZED_AUTOS = YES_AGGRESSIVE;
				GCC_WARN_UNUSED_FUNCTION = YES;
				GCC_WARN_UNUSED_VARIABLE = YES;
				IPHONEOS_DEPLOYMENT_TARGET = 11.4;
				MTL_ENABLE_DEBUG_INFO = YES;
				ONLY_ACTIVE_ARCH = YES;
				PRODUCT_NAME = "$(TARGET_NAME)";
				STRIP_INSTALLED_PRODUCT = NO;
				SWIFT_ACTIVE_COMPILATION_CONDITIONS = DEBUG;
				SYMROOT = "${SRCROOT}/../build";
			};
			name = Debug;
		};
		71AD701D06C9690BA8F1BD96EC5618B8 /* Release */ = {
			isa = XCBuildConfiguration;
			baseConfigurationReference = AE5F0DB624E2D545925E512C72FE2D15 /* Pods-RateView.release.xcconfig */;
			buildSettings = {
				ALWAYS_EMBED_SWIFT_STANDARD_LIBRARIES = NO;
				CLANG_ENABLE_OBJC_WEAK = NO;
				CODE_SIGN_IDENTITY = "";
				"CODE_SIGN_IDENTITY[sdk=appletvos*]" = "";
				"CODE_SIGN_IDENTITY[sdk=iphoneos*]" = "";
				"CODE_SIGN_IDENTITY[sdk=watchos*]" = "";
				CURRENT_PROJECT_VERSION = 1;
				DEFINES_MODULE = YES;
				DYLIB_COMPATIBILITY_VERSION = 1;
				DYLIB_CURRENT_VERSION = 1;
				DYLIB_INSTALL_NAME_BASE = "@rpath";
				INFOPLIST_FILE = "Target Support Files/Pods-RateView/Info.plist";
				INSTALL_PATH = "$(LOCAL_LIBRARY_DIR)/Frameworks";
				IPHONEOS_DEPLOYMENT_TARGET = 11.4;
				LD_RUNPATH_SEARCH_PATHS = "$(inherited) @executable_path/Frameworks @loader_path/Frameworks";
				MACH_O_TYPE = staticlib;
				MODULEMAP_FILE = "Target Support Files/Pods-RateView/Pods-RateView.modulemap";
				OTHER_LDFLAGS = "";
				OTHER_LIBTOOLFLAGS = "";
				PODS_ROOT = "$(SRCROOT)";
				PRODUCT_BUNDLE_IDENTIFIER = "org.cocoapods.${PRODUCT_NAME:rfc1034identifier}";
				PRODUCT_NAME = "$(TARGET_NAME:c99extidentifier)";
				SDKROOT = iphoneos;
				SKIP_INSTALL = YES;
				SWIFT_OPTIMIZATION_LEVEL = "-Owholemodule";
				TARGETED_DEVICE_FAMILY = "1,2";
				VALIDATE_PRODUCT = YES;
				VERSIONING_SYSTEM = "apple-generic";
				VERSION_INFO_PREFIX = "";
			};
			name = Release;
		};
		7B8677ADB5E7A8139C72FCFD7B31314B /* Debug */ = {
			isa = XCBuildConfiguration;
			baseConfigurationReference = 6E92D2343229CA516781D2DDF0FDB05B /* Pods-RateView.debug.xcconfig */;
			buildSettings = {
				ALWAYS_EMBED_SWIFT_STANDARD_LIBRARIES = NO;
				CLANG_ENABLE_OBJC_WEAK = NO;
				CODE_SIGN_IDENTITY = "";
				"CODE_SIGN_IDENTITY[sdk=appletvos*]" = "";
				"CODE_SIGN_IDENTITY[sdk=iphoneos*]" = "";
				"CODE_SIGN_IDENTITY[sdk=watchos*]" = "";
				CURRENT_PROJECT_VERSION = 1;
				DEFINES_MODULE = YES;
				DYLIB_COMPATIBILITY_VERSION = 1;
				DYLIB_CURRENT_VERSION = 1;
				DYLIB_INSTALL_NAME_BASE = "@rpath";
				INFOPLIST_FILE = "Target Support Files/Pods-RateView/Info.plist";
				INSTALL_PATH = "$(LOCAL_LIBRARY_DIR)/Frameworks";
				IPHONEOS_DEPLOYMENT_TARGET = 11.4;
				LD_RUNPATH_SEARCH_PATHS = "$(inherited) @executable_path/Frameworks @loader_path/Frameworks";
				MACH_O_TYPE = staticlib;
				MODULEMAP_FILE = "Target Support Files/Pods-RateView/Pods-RateView.modulemap";
				OTHER_LDFLAGS = "";
				OTHER_LIBTOOLFLAGS = "";
				PODS_ROOT = "$(SRCROOT)";
				PRODUCT_BUNDLE_IDENTIFIER = "org.cocoapods.${PRODUCT_NAME:rfc1034identifier}";
				PRODUCT_NAME = "$(TARGET_NAME:c99extidentifier)";
				SDKROOT = iphoneos;
				SKIP_INSTALL = YES;
				SWIFT_ACTIVE_COMPILATION_CONDITIONS = DEBUG;
				SWIFT_OPTIMIZATION_LEVEL = "-Onone";
				TARGETED_DEVICE_FAMILY = "1,2";
				VERSIONING_SYSTEM = "apple-generic";
				VERSION_INFO_PREFIX = "";
			};
			name = Debug;
		};
		9E4229852D9CAE81523D9C766AA309CB /* Release */ = {
			isa = XCBuildConfiguration;
			baseConfigurationReference = 6ECF00CD9DA3C358F92ED5482FA6FBA8 /* SwiftyStarRatingView.xcconfig */;
			buildSettings = {
				CODE_SIGN_IDENTITY = "";
				"CODE_SIGN_IDENTITY[sdk=appletvos*]" = "";
				"CODE_SIGN_IDENTITY[sdk=iphoneos*]" = "";
				"CODE_SIGN_IDENTITY[sdk=watchos*]" = "";
				CURRENT_PROJECT_VERSION = 1;
				DEFINES_MODULE = YES;
				DYLIB_COMPATIBILITY_VERSION = 1;
				DYLIB_CURRENT_VERSION = 1;
				DYLIB_INSTALL_NAME_BASE = "@rpath";
				GCC_PREFIX_HEADER = "Target Support Files/SwiftyStarRatingView/SwiftyStarRatingView-prefix.pch";
				INFOPLIST_FILE = "Target Support Files/SwiftyStarRatingView/Info.plist";
				INSTALL_PATH = "$(LOCAL_LIBRARY_DIR)/Frameworks";
				IPHONEOS_DEPLOYMENT_TARGET = 8.0;
				LD_RUNPATH_SEARCH_PATHS = "$(inherited) @executable_path/Frameworks @loader_path/Frameworks";
				MODULEMAP_FILE = "Target Support Files/SwiftyStarRatingView/SwiftyStarRatingView.modulemap";
				PRODUCT_MODULE_NAME = SwiftyStarRatingView;
				PRODUCT_NAME = SwiftyStarRatingView;
				SDKROOT = iphoneos;
				SKIP_INSTALL = YES;
				SWIFT_ACTIVE_COMPILATION_CONDITIONS = "$(inherited) ";
				SWIFT_OPTIMIZATION_LEVEL = "-Owholemodule";
				SWIFT_VERSION = 4.0;
				TARGETED_DEVICE_FAMILY = "1,2";
				VALIDATE_PRODUCT = YES;
				VERSIONING_SYSTEM = "apple-generic";
				VERSION_INFO_PREFIX = "";
			};
			name = Release;
		};
		AEEA80476F98EB645C4DD53EB2BB6D88 /* Release */ = {
			isa = XCBuildConfiguration;
			buildSettings = {
				ALWAYS_SEARCH_USER_PATHS = NO;
				CLANG_ANALYZER_NONNULL = YES;
				CLANG_ANALYZER_NUMBER_OBJECT_CONVERSION = YES_AGGRESSIVE;
				CLANG_CXX_LANGUAGE_STANDARD = "gnu++14";
				CLANG_CXX_LIBRARY = "libc++";
				CLANG_ENABLE_MODULES = YES;
				CLANG_ENABLE_OBJC_ARC = YES;
				CLANG_ENABLE_OBJC_WEAK = YES;
				CLANG_WARN_BLOCK_CAPTURE_AUTORELEASING = YES;
				CLANG_WARN_BOOL_CONVERSION = YES;
				CLANG_WARN_COMMA = YES;
				CLANG_WARN_CONSTANT_CONVERSION = YES;
				CLANG_WARN_DEPRECATED_OBJC_IMPLEMENTATIONS = YES;
				CLANG_WARN_DIRECT_OBJC_ISA_USAGE = YES_ERROR;
				CLANG_WARN_DOCUMENTATION_COMMENTS = YES;
				CLANG_WARN_EMPTY_BODY = YES;
				CLANG_WARN_ENUM_CONVERSION = YES;
				CLANG_WARN_INFINITE_RECURSION = YES;
				CLANG_WARN_INT_CONVERSION = YES;
				CLANG_WARN_NON_LITERAL_NULL_CONVERSION = YES;
				CLANG_WARN_OBJC_IMPLICIT_RETAIN_SELF = YES;
				CLANG_WARN_OBJC_LITERAL_CONVERSION = YES;
				CLANG_WARN_OBJC_ROOT_CLASS = YES_ERROR;
				CLANG_WARN_RANGE_LOOP_ANALYSIS = YES;
				CLANG_WARN_STRICT_PROTOTYPES = YES;
				CLANG_WARN_SUSPICIOUS_MOVE = YES;
				CLANG_WARN_UNGUARDED_AVAILABILITY = YES_AGGRESSIVE;
				CLANG_WARN_UNREACHABLE_CODE = YES;
				CLANG_WARN__DUPLICATE_METHOD_MATCH = YES;
				CODE_SIGNING_ALLOWED = NO;
				CODE_SIGNING_REQUIRED = NO;
				COPY_PHASE_STRIP = NO;
				DEBUG_INFORMATION_FORMAT = "dwarf-with-dsym";
				ENABLE_NS_ASSERTIONS = NO;
				ENABLE_STRICT_OBJC_MSGSEND = YES;
				GCC_C_LANGUAGE_STANDARD = gnu11;
				GCC_NO_COMMON_BLOCKS = YES;
				GCC_PREPROCESSOR_DEFINITIONS = (
					"POD_CONFIGURATION_RELEASE=1",
					"$(inherited)",
				);
				GCC_WARN_64_TO_32_BIT_CONVERSION = YES;
				GCC_WARN_ABOUT_RETURN_TYPE = YES_ERROR;
				GCC_WARN_UNDECLARED_SELECTOR = YES;
				GCC_WARN_UNINITIALIZED_AUTOS = YES_AGGRESSIVE;
				GCC_WARN_UNUSED_FUNCTION = YES;
				GCC_WARN_UNUSED_VARIABLE = YES;
				IPHONEOS_DEPLOYMENT_TARGET = 11.4;
				MTL_ENABLE_DEBUG_INFO = NO;
				PRODUCT_NAME = "$(TARGET_NAME)";
				STRIP_INSTALLED_PRODUCT = NO;
				SYMROOT = "${SRCROOT}/../build";
			};
			name = Release;
		};
		FC90D70B5BB4FB2BB867C2F2B3FF4CBE /* Debug */ = {
			isa = XCBuildConfiguration;
			baseConfigurationReference = 6ECF00CD9DA3C358F92ED5482FA6FBA8 /* SwiftyStarRatingView.xcconfig */;
			buildSettings = {
				CODE_SIGN_IDENTITY = "";
				"CODE_SIGN_IDENTITY[sdk=appletvos*]" = "";
				"CODE_SIGN_IDENTITY[sdk=iphoneos*]" = "";
				"CODE_SIGN_IDENTITY[sdk=watchos*]" = "";
				CURRENT_PROJECT_VERSION = 1;
				DEFINES_MODULE = YES;
				DYLIB_COMPATIBILITY_VERSION = 1;
				DYLIB_CURRENT_VERSION = 1;
				DYLIB_INSTALL_NAME_BASE = "@rpath";
				GCC_PREFIX_HEADER = "Target Support Files/SwiftyStarRatingView/SwiftyStarRatingView-prefix.pch";
				INFOPLIST_FILE = "Target Support Files/SwiftyStarRatingView/Info.plist";
				INSTALL_PATH = "$(LOCAL_LIBRARY_DIR)/Frameworks";
				IPHONEOS_DEPLOYMENT_TARGET = 8.0;
				LD_RUNPATH_SEARCH_PATHS = "$(inherited) @executable_path/Frameworks @loader_path/Frameworks";
				MODULEMAP_FILE = "Target Support Files/SwiftyStarRatingView/SwiftyStarRatingView.modulemap";
				PRODUCT_MODULE_NAME = SwiftyStarRatingView;
				PRODUCT_NAME = SwiftyStarRatingView;
				SDKROOT = iphoneos;
				SKIP_INSTALL = YES;
				SWIFT_ACTIVE_COMPILATION_CONDITIONS = "$(inherited) ";
				SWIFT_OPTIMIZATION_LEVEL = "-Onone";
				SWIFT_VERSION = 4.0;
				TARGETED_DEVICE_FAMILY = "1,2";
				VERSIONING_SYSTEM = "apple-generic";
				VERSION_INFO_PREFIX = "";
			};
			name = Debug;
		};
/* End XCBuildConfiguration section */

/* Begin XCConfigurationList section */
		2D8E8EC45A3A1A1D94AE762CB5028504 /* Build configuration list for PBXProject "Pods" */ = {
			isa = XCConfigurationList;
			buildConfigurations = (
				5DC0083F57E9AB706B46C5B5D73B38D8 /* Debug */,
				AEEA80476F98EB645C4DD53EB2BB6D88 /* Release */,
			);
			defaultConfigurationIsVisible = 0;
			defaultConfigurationName = Release;
		};
		56636AFEEB55740E106C707243524EB3 /* Build configuration list for PBXNativeTarget "SwiftyStarRatingView" */ = {
			isa = XCConfigurationList;
			buildConfigurations = (
				FC90D70B5BB4FB2BB867C2F2B3FF4CBE /* Debug */,
				9E4229852D9CAE81523D9C766AA309CB /* Release */,
			);
			defaultConfigurationIsVisible = 0;
			defaultConfigurationName = Release;
		};
		8DDB06D9CC9FEBA75C259ED94776F173 /* Build configuration list for PBXNativeTarget "Pods-RateView" */ = {
			isa = XCConfigurationList;
			buildConfigurations = (
				7B8677ADB5E7A8139C72FCFD7B31314B /* Debug */,
				71AD701D06C9690BA8F1BD96EC5618B8 /* Release */,
			);
			defaultConfigurationIsVisible = 0;
			defaultConfigurationName = Release;
		};
/* End XCConfigurationList section */
	};
	rootObject = D41D8CD98F00B204E9800998ECF8427E /* Project object */;
}
